
Microsoft Visual Studio Solution File, Format Version 12.00
Project("{FAE04EC0-301F-11D3-BF4B-00C04F79EFBC}") = "Facade", "Facade\Facade.csproj", "{DF3FE96B-129D-4CF2-9B2C-7B9BB30AF4CA}"
EndProject
Global
	GlobalSection(SolutionConfigurationPlatforms) = preSolution
		Debug|Any CPU = Debug|Any CPU
		Release|Any CPU = Release|Any CPU
	EndGlobalSection
	GlobalSection(ProjectConfigurationPlatforms) = postSolution
		{DF3FE96B-129D-4CF2-9B2C-7B9BB30AF4CA}.Debug|Any CPU.ActiveCfg = Debug|Any CPU
		{DF3FE96B-129D-4CF2-9B2C-7B9BB30AF4CA}.Debug|Any CPU.Build.0 = Debug|Any CPU
		{DF3FE96B-129D-4CF2-9B2C-7B9BB30AF4CA}.Release|Any CPU.ActiveCfg = Release|Any CPU
		{DF3FE96B-129D-4CF2-9B2C-7B9BB30AF4CA}.Release|Any CPU.Build.0 = Release|Any CPU
	EndGlobalSection
EndGlobal
